
Microsoft Visual Studio Solution File, Format Version 12.00
# Visual Studio Version 16
VisualStudioVersion = 16.0.29409.12
MinimumVisualStudioVersion = 10.0.40219.1
Project("{FAE04EC0-301F-11D3-BF4B-00C04F79EFBC}") = "Message Encoder", "Message Encoder\Message Encoder.csproj", "{FEB3B4E0-8647-4C68-9431-9CD9C3266C2B}"
EndProject
Global
	GlobalSection(SolutionConfigurationPlatforms) = preSolution
		Debug|Any CPU = Debug|Any CPU
		Release|Any CPU = Release|Any CPU
	EndGlobalSection
	GlobalSection(ProjectConfigurationPlatforms) = postSolution
		{FEB3B4E0-8647-4C68-9431-9CD9C3266C2B}.Debug|Any CPU.ActiveCfg = Debug|Any CPU
		{FEB3B4E0-8647-4C68-9431-9CD9C3266C2B}.Debug|Any CPU.Build.0 = Debug|Any CPU
		{FEB3B4E0-8647-4C68-9431-9CD9C3266C2B}.Release|Any CPU.ActiveCfg = Release|Any CPU
		{FEB3B4E0-8647-4C68-9431-9CD9C3266C2B}.Release|Any CPU.Build.0 = Release|Any CPU
	EndGlobalSection
	GlobalSection(SolutionProperties) = preSolution
		HideSolutionNode = FALSE
	EndGlobalSection
	GlobalSection(ExtensibilityGlobals) = postSolution
		SolutionGuid = {C7B9C679-08FF-42D3-95AE-2CE9AF87795A}
	EndGlobalSection
EndGlobal
